
Microsoft Visual Studio Solution File, Format Version 12.00
# Visual Studio Version 17
VisualStudioVersion = 17.13.35931.197 d17.13
MinimumVisualStudioVersion = 10.0.40219.1
Project("{FAE04EC0-301F-11D3-BF4B-00C04F79EFBC}") = "gra_rpg", "gra_rpg\gra_rpg.csproj", "{3EB90979-379B-9B35-FAEB-EE494FDD4C78}"
EndProject
Global
	GlobalSection(SolutionConfigurationPlatforms) = preSolution
		Debug|Any CPU = Debug|Any CPU
		Release|Any CPU = Release|Any CPU
	EndGlobalSection
	GlobalSection(ProjectConfigurationPlatforms) = postSolution
		{3EB90979-379B-9B35-FAEB-EE494FDD4C78}.Debug|Any CPU.ActiveCfg = Debug|Any CPU
		{3EB90979-379B-9B35-FAEB-EE494FDD4C78}.Debug|Any CPU.Build.0 = Debug|Any CPU
		{3EB90979-379B-9B35-FAEB-EE494FDD4C78}.Release|Any CPU.ActiveCfg = Release|Any CPU
		{3EB90979-379B-9B35-FAEB-EE494FDD4C78}.Release|Any CPU.Build.0 = Release|Any CPU
	EndGlobalSection
	GlobalSection(SolutionProperties) = preSolution
		HideSolutionNode = FALSE
	EndGlobalSection
	GlobalSection(ExtensibilityGlobals) = postSolution
		SolutionGuid = {142898AF-B2D8-4C7E-9E13-5EB79F2529F8}
	EndGlobalSection
EndGlobal
